{
  "object": {
    "pins": [
      {
        "package": "Promises",
        "repositoryURL": "https://github.com/google/promises.git",
        "state": {
          "branch": null,
          "revision": "963e1bc30fcb19ad2789316b4ed7ae3bde72e188",
          "version": "1.2.5"
        }
      },
      {
        "package": "Result",
        "repositoryURL": "https://github.com/antitypical/Result.git",
        "state": {
          "branch": null,
          "revision": "2ca499ba456795616fbc471561ff1d963e6ae160",
          "version": "4.1.0"
        }
      },
      {
        "package": "RxSwift",
        "repositoryURL": "https://github.com/ReactiveX/RxSwift.git",
        "state": {
          "branch": null,
          "revision": "e8aa1d892a0d8a153a28b74cbad25be534926f49",
          "version": "4.4.0"
        }
      }
    ]
  },
  "version": 1
}
